
Microsoft Visual Studio Solution File, Format Version 11.00
# Visual Studio 2010
Project("{FAE04EC0-301F-11D3-BF4B-00C04F79EFBC}") = "ohSoundcard", "ohSoundcard.csproj", "{4372073B-B7BE-47AF-93F6-EE6DF7206548}"
EndProject
Project("{930C7802-8A8C-48F9-8165-68863BCCD9DD}") = "Installer32", "..\Installer32\Installer32.wixproj", "{3155DDB5-FC8B-4BD9-A20D-C39AF8DF444B}"
EndProject
Project("{930C7802-8A8C-48F9-8165-68863BCCD9DD}") = "Installer64", "..\Installer64\Installer64.wixproj", "{66596357-5F40-465B-A9BF-B56898AA31B2}"
EndProject
Global
	GlobalSection(SolutionConfigurationPlatforms) = preSolution
		Debug|Any CPU = Debug|Any CPU
		Debug|Mixed Platforms = Debug|Mixed Platforms
		Debug|x86 = Debug|x86
		Release|Any CPU = Release|Any CPU
		Release|Mixed Platforms = Release|Mixed Platforms
		Release|x86 = Release|x86
	EndGlobalSection
	GlobalSection(ProjectConfigurationPlatforms) = postSolution
		{4372073B-B7BE-47AF-93F6-EE6DF7206548}.Debug|Any CPU.ActiveCfg = Debug|x86
		{4372073B-B7BE-47AF-93F6-EE6DF7206548}.Debug|Mixed Platforms.ActiveCfg = Debug|x86
		{4372073B-B7BE-47AF-93F6-EE6DF7206548}.Debug|Mixed Platforms.Build.0 = Debug|x86
		{4372073B-B7BE-47AF-93F6-EE6DF7206548}.Debug|x86.ActiveCfg = Debug|x86
		{4372073B-B7BE-47AF-93F6-EE6DF7206548}.Debug|x86.Build.0 = Debug|x86
		{4372073B-B7BE-47AF-93F6-EE6DF7206548}.Release|Any CPU.ActiveCfg = Release|x86
		{4372073B-B7BE-47AF-93F6-EE6DF7206548}.Release|Mixed Platforms.ActiveCfg = Release|x86
		{4372073B-B7BE-47AF-93F6-EE6DF7206548}.Release|Mixed Platforms.Build.0 = Release|x86
		{4372073B-B7BE-47AF-93F6-EE6DF7206548}.Release|x86.ActiveCfg = Release|x86
		{4372073B-B7BE-47AF-93F6-EE6DF7206548}.Release|x86.Build.0 = Release|x86
		{3155DDB5-FC8B-4BD9-A20D-C39AF8DF444B}.Debug|Any CPU.ActiveCfg = Debug|x86
		{3155DDB5-FC8B-4BD9-A20D-C39AF8DF444B}.Debug|Mixed Platforms.ActiveCfg = Debug|x86
		{3155DDB5-FC8B-4BD9-A20D-C39AF8DF444B}.Debug|Mixed Platforms.Build.0 = Debug|x86
		{3155DDB5-FC8B-4BD9-A20D-C39AF8DF444B}.Debug|x86.ActiveCfg = Debug|x86
		{3155DDB5-FC8B-4BD9-A20D-C39AF8DF444B}.Debug|x86.Build.0 = Debug|x86
		{3155DDB5-FC8B-4BD9-A20D-C39AF8DF444B}.Release|Any CPU.ActiveCfg = Release|x86
		{3155DDB5-FC8B-4BD9-A20D-C39AF8DF444B}.Release|Mixed Platforms.ActiveCfg = Release|x86
		{3155DDB5-FC8B-4BD9-A20D-C39AF8DF444B}.Release|Mixed Platforms.Build.0 = Release|x86
		{3155DDB5-FC8B-4BD9-A20D-C39AF8DF444B}.Release|x86.ActiveCfg = Release|x86
		{3155DDB5-FC8B-4BD9-A20D-C39AF8DF444B}.Release|x86.Build.0 = Release|x86
		{66596357-5F40-465B-A9BF-B56898AA31B2}.Debug|Any CPU.ActiveCfg = Debug|x86
		{66596357-5F40-465B-A9BF-B56898AA31B2}.Debug|Mixed Platforms.ActiveCfg = Debug|x86
		{66596357-5F40-465B-A9BF-B56898AA31B2}.Debug|Mixed Platforms.Build.0 = Debug|x86
		{66596357-5F40-465B-A9BF-B56898AA31B2}.Debug|x86.ActiveCfg = Debug|x86
		{66596357-5F40-465B-A9BF-B56898AA31B2}.Debug|x86.Build.0 = Debug|x86
		{66596357-5F40-465B-A9BF-B56898AA31B2}.Release|Any CPU.ActiveCfg = Release|x86
		{66596357-5F40-465B-A9BF-B56898AA31B2}.Release|Mixed Platforms.ActiveCfg = Release|x86
		{66596357-5F40-465B-A9BF-B56898AA31B2}.Release|Mixed Platforms.Build.0 = Release|x86
		{66596357-5F40-465B-A9BF-B56898AA31B2}.Release|x86.ActiveCfg = Release|x86
		{66596357-5F40-465B-A9BF-B56898AA31B2}.Release|x86.Build.0 = Release|x86
	EndGlobalSection
	GlobalSection(SolutionProperties) = preSolution
		HideSolutionNode = FALSE
	EndGlobalSection
EndGlobal
