
Microsoft Visual Studio Solution File, Format Version 11.00
# Visual Studio 2010
Project("{FAE04EC0-301F-11D3-BF4B-00C04F79EFBC}") = "ZappServices", "ZappServices\ZappServices.csproj", "{F0BF4FC0-B662-4DD2-A7DF-F90095DE4345}"
EndProject
Project("{FAE04EC0-301F-11D3-BF4B-00C04F79EFBC}") = "ZappControl", "ZappControl\ZappControl.csproj", "{42701C32-E2F7-4FCE-AF13-0325B4464E05}"
EndProject
Project("{FAE04EC0-301F-11D3-BF4B-00C04F79EFBC}") = "ZappSpy", "ZappSpy\ZappSpy.csproj", "{5ED29186-FC66-485E-8C6E-137507DD6C79}"
EndProject
Project("{FAE04EC0-301F-11D3-BF4B-00C04F79EFBC}") = "ZappSpyGui", "ZappSpyGui\ZappSpyGui.csproj", "{C41C3A7D-5934-40B1-88DC-B36F3A427422}"
EndProject
Project("{FAE04EC0-301F-11D3-BF4B-00C04F79EFBC}") = "Crasher", "Crasher\Crasher.csproj", "{97FC9042-D0FE-4DFB-AA88-35723E574CF4}"
EndProject
Global
	GlobalSection(SolutionConfigurationPlatforms) = preSolution
		Debug|Any CPU = Debug|Any CPU
		Debug|Mixed Platforms = Debug|Mixed Platforms
		Debug|x86 = Debug|x86
		Linux Debug|Any CPU = Linux Debug|Any CPU
		Linux Debug|Mixed Platforms = Linux Debug|Mixed Platforms
		Linux Debug|x86 = Linux Debug|x86
		Linux Release|Any CPU = Linux Release|Any CPU
		Linux Release|Mixed Platforms = Linux Release|Mixed Platforms
		Linux Release|x86 = Linux Release|x86
		Linux Trace|Any CPU = Linux Trace|Any CPU
		Linux Trace|Mixed Platforms = Linux Trace|Mixed Platforms
		Linux Trace|x86 = Linux Trace|x86
		MacOsX Debug|Any CPU = MacOsX Debug|Any CPU
		MacOsX Debug|Mixed Platforms = MacOsX Debug|Mixed Platforms
		MacOsX Debug|x86 = MacOsX Debug|x86
		MacOsX Release|Any CPU = MacOsX Release|Any CPU
		MacOsX Release|Mixed Platforms = MacOsX Release|Mixed Platforms
		MacOsX Release|x86 = MacOsX Release|x86
		MacOsX Trace|Any CPU = MacOsX Trace|Any CPU
		MacOsX Trace|Mixed Platforms = MacOsX Trace|Mixed Platforms
		MacOsX Trace|x86 = MacOsX Trace|x86
		Release|Any CPU = Release|Any CPU
		Release|Mixed Platforms = Release|Mixed Platforms
		Release|x86 = Release|x86
		Trace|Any CPU = Trace|Any CPU
		Trace|Mixed Platforms = Trace|Mixed Platforms
		Trace|x86 = Trace|x86
		Windows Debug|Any CPU = Windows Debug|Any CPU
		Windows Debug|Mixed Platforms = Windows Debug|Mixed Platforms
		Windows Debug|x86 = Windows Debug|x86
		Windows Release|Any CPU = Windows Release|Any CPU
		Windows Release|Mixed Platforms = Windows Release|Mixed Platforms
		Windows Release|x86 = Windows Release|x86
		Windows Trace|Any CPU = Windows Trace|Any CPU
		Windows Trace|Mixed Platforms = Windows Trace|Mixed Platforms
		Windows Trace|x86 = Windows Trace|x86
	EndGlobalSection
	GlobalSection(ProjectConfigurationPlatforms) = postSolution
		{F0BF4FC0-B662-4DD2-A7DF-F90095DE4345}.Debug|Any CPU.ActiveCfg = Debug|Any CPU
		{F0BF4FC0-B662-4DD2-A7DF-F90095DE4345}.Debug|Any CPU.Build.0 = Debug|Any CPU
		{F0BF4FC0-B662-4DD2-A7DF-F90095DE4345}.Debug|Mixed Platforms.ActiveCfg = Debug|Any CPU
		{F0BF4FC0-B662-4DD2-A7DF-F90095DE4345}.Debug|Mixed Platforms.Build.0 = Debug|Any CPU
		{F0BF4FC0-B662-4DD2-A7DF-F90095DE4345}.Debug|x86.ActiveCfg = Debug|Any CPU
		{F0BF4FC0-B662-4DD2-A7DF-F90095DE4345}.Linux Debug|Any CPU.ActiveCfg = Debug|Any CPU
		{F0BF4FC0-B662-4DD2-A7DF-F90095DE4345}.Linux Debug|Any CPU.Build.0 = Debug|Any CPU
		{F0BF4FC0-B662-4DD2-A7DF-F90095DE4345}.Linux Debug|Mixed Platforms.ActiveCfg = Debug|Any CPU
		{F0BF4FC0-B662-4DD2-A7DF-F90095DE4345}.Linux Debug|Mixed Platforms.Build.0 = Debug|Any CPU
		{F0BF4FC0-B662-4DD2-A7DF-F90095DE4345}.Linux Debug|x86.ActiveCfg = Debug|Any CPU
		{F0BF4FC0-B662-4DD2-A7DF-F90095DE4345}.Linux Release|Any CPU.ActiveCfg = Release|Any CPU
		{F0BF4FC0-B662-4DD2-A7DF-F90095DE4345}.Linux Release|Any CPU.Build.0 = Release|Any CPU
		{F0BF4FC0-B662-4DD2-A7DF-F90095DE4345}.Linux Release|Mixed Platforms.ActiveCfg = Release|Any CPU
		{F0BF4FC0-B662-4DD2-A7DF-F90095DE4345}.Linux Release|Mixed Platforms.Build.0 = Release|Any CPU
		{F0BF4FC0-B662-4DD2-A7DF-F90095DE4345}.Linux Release|x86.ActiveCfg = Release|Any CPU
		{F0BF4FC0-B662-4DD2-A7DF-F90095DE4345}.Linux Trace|Any CPU.ActiveCfg = Trace|Any CPU
		{F0BF4FC0-B662-4DD2-A7DF-F90095DE4345}.Linux Trace|Any CPU.Build.0 = Trace|Any CPU
		{F0BF4FC0-B662-4DD2-A7DF-F90095DE4345}.Linux Trace|Mixed Platforms.ActiveCfg = Trace|Any CPU
		{F0BF4FC0-B662-4DD2-A7DF-F90095DE4345}.Linux Trace|Mixed Platforms.Build.0 = Trace|Any CPU
		{F0BF4FC0-B662-4DD2-A7DF-F90095DE4345}.Linux Trace|x86.ActiveCfg = Trace|Any CPU
		{F0BF4FC0-B662-4DD2-A7DF-F90095DE4345}.MacOsX Debug|Any CPU.ActiveCfg = Debug|Any CPU
		{F0BF4FC0-B662-4DD2-A7DF-F90095DE4345}.MacOsX Debug|Any CPU.Build.0 = Debug|Any CPU
		{F0BF4FC0-B662-4DD2-A7DF-F90095DE4345}.MacOsX Debug|Mixed Platforms.ActiveCfg = Debug|Any CPU
		{F0BF4FC0-B662-4DD2-A7DF-F90095DE4345}.MacOsX Debug|Mixed Platforms.Build.0 = Debug|Any CPU
		{F0BF4FC0-B662-4DD2-A7DF-F90095DE4345}.MacOsX Debug|x86.ActiveCfg = Debug|Any CPU
		{F0BF4FC0-B662-4DD2-A7DF-F90095DE4345}.MacOsX Release|Any CPU.ActiveCfg = Release|Any CPU
		{F0BF4FC0-B662-4DD2-A7DF-F90095DE4345}.MacOsX Release|Any CPU.Build.0 = Release|Any CPU
		{F0BF4FC0-B662-4DD2-A7DF-F90095DE4345}.MacOsX Release|Mixed Platforms.ActiveCfg = Release|Any CPU
		{F0BF4FC0-B662-4DD2-A7DF-F90095DE4345}.MacOsX Release|Mixed Platforms.Build.0 = Release|Any CPU
		{F0BF4FC0-B662-4DD2-A7DF-F90095DE4345}.MacOsX Release|x86.ActiveCfg = Release|Any CPU
		{F0BF4FC0-B662-4DD2-A7DF-F90095DE4345}.MacOsX Trace|Any CPU.ActiveCfg = Trace|Any CPU
		{F0BF4FC0-B662-4DD2-A7DF-F90095DE4345}.MacOsX Trace|Any CPU.Build.0 = Trace|Any CPU
		{F0BF4FC0-B662-4DD2-A7DF-F90095DE4345}.MacOsX Trace|Mixed Platforms.ActiveCfg = Trace|Any CPU
		{F0BF4FC0-B662-4DD2-A7DF-F90095DE4345}.MacOsX Trace|Mixed Platforms.Build.0 = Trace|Any CPU
		{F0BF4FC0-B662-4DD2-A7DF-F90095DE4345}.MacOsX Trace|x86.ActiveCfg = Trace|Any CPU
		{F0BF4FC0-B662-4DD2-A7DF-F90095DE4345}.Release|Any CPU.ActiveCfg = Release|Any CPU
		{F0BF4FC0-B662-4DD2-A7DF-F90095DE4345}.Release|Any CPU.Build.0 = Release|Any CPU
		{F0BF4FC0-B662-4DD2-A7DF-F90095DE4345}.Release|Mixed Platforms.ActiveCfg = Release|Any CPU
		{F0BF4FC0-B662-4DD2-A7DF-F90095DE4345}.Release|Mixed Platforms.Build.0 = Release|Any CPU
		{F0BF4FC0-B662-4DD2-A7DF-F90095DE4345}.Release|x86.ActiveCfg = Release|Any CPU
		{F0BF4FC0-B662-4DD2-A7DF-F90095DE4345}.Trace|Any CPU.ActiveCfg = Trace|Any CPU
		{F0BF4FC0-B662-4DD2-A7DF-F90095DE4345}.Trace|Any CPU.Build.0 = Trace|Any CPU
		{F0BF4FC0-B662-4DD2-A7DF-F90095DE4345}.Trace|Mixed Platforms.ActiveCfg = Trace|Any CPU
		{F0BF4FC0-B662-4DD2-A7DF-F90095DE4345}.Trace|Mixed Platforms.Build.0 = Trace|Any CPU
		{F0BF4FC0-B662-4DD2-A7DF-F90095DE4345}.Trace|x86.ActiveCfg = Trace|Any CPU
		{F0BF4FC0-B662-4DD2-A7DF-F90095DE4345}.Windows Debug|Any CPU.ActiveCfg = Debug|Any CPU
		{F0BF4FC0-B662-4DD2-A7DF-F90095DE4345}.Windows Debug|Any CPU.Build.0 = Debug|Any CPU
		{F0BF4FC0-B662-4DD2-A7DF-F90095DE4345}.Windows Debug|Mixed Platforms.ActiveCfg = Debug|Any CPU
		{F0BF4FC0-B662-4DD2-A7DF-F90095DE4345}.Windows Debug|Mixed Platforms.Build.0 = Debug|Any CPU
		{F0BF4FC0-B662-4DD2-A7DF-F90095DE4345}.Windows Debug|x86.ActiveCfg = Debug|Any CPU
		{F0BF4FC0-B662-4DD2-A7DF-F90095DE4345}.Windows Release|Any CPU.ActiveCfg = Release|Any CPU
		{F0BF4FC0-B662-4DD2-A7DF-F90095DE4345}.Windows Release|Any CPU.Build.0 = Release|Any CPU
		{F0BF4FC0-B662-4DD2-A7DF-F90095DE4345}.Windows Release|Mixed Platforms.ActiveCfg = Release|Any CPU
		{F0BF4FC0-B662-4DD2-A7DF-F90095DE4345}.Windows Release|Mixed Platforms.Build.0 = Release|Any CPU
		{F0BF4FC0-B662-4DD2-A7DF-F90095DE4345}.Windows Release|x86.ActiveCfg = Release|Any CPU
		{F0BF4FC0-B662-4DD2-A7DF-F90095DE4345}.Windows Trace|Any CPU.ActiveCfg = Trace|Any CPU
		{F0BF4FC0-B662-4DD2-A7DF-F90095DE4345}.Windows Trace|Any CPU.Build.0 = Trace|Any CPU
		{F0BF4FC0-B662-4DD2-A7DF-F90095DE4345}.Windows Trace|Mixed Platforms.ActiveCfg = Trace|Any CPU
		{F0BF4FC0-B662-4DD2-A7DF-F90095DE4345}.Windows Trace|Mixed Platforms.Build.0 = Trace|Any CPU
		{F0BF4FC0-B662-4DD2-A7DF-F90095DE4345}.Windows Trace|x86.ActiveCfg = Trace|Any CPU
		{42701C32-E2F7-4FCE-AF13-0325B4464E05}.Debug|Any CPU.ActiveCfg = Debug|Any CPU
		{42701C32-E2F7-4FCE-AF13-0325B4464E05}.Debug|Any CPU.Build.0 = Debug|Any CPU
		{42701C32-E2F7-4FCE-AF13-0325B4464E05}.Debug|Mixed Platforms.ActiveCfg = Debug|Any CPU
		{42701C32-E2F7-4FCE-AF13-0325B4464E05}.Debug|Mixed Platforms.Build.0 = Debug|Any CPU
		{42701C32-E2F7-4FCE-AF13-0325B4464E05}.Debug|x86.ActiveCfg = Debug|Any CPU
		{42701C32-E2F7-4FCE-AF13-0325B4464E05}.Linux Debug|Any CPU.ActiveCfg = Debug|Any CPU
		{42701C32-E2F7-4FCE-AF13-0325B4464E05}.Linux Debug|Any CPU.Build.0 = Debug|Any CPU
		{42701C32-E2F7-4FCE-AF13-0325B4464E05}.Linux Debug|Mixed Platforms.ActiveCfg = Debug|Any CPU
		{42701C32-E2F7-4FCE-AF13-0325B4464E05}.Linux Debug|Mixed Platforms.Build.0 = Debug|Any CPU
		{42701C32-E2F7-4FCE-AF13-0325B4464E05}.Linux Debug|x86.ActiveCfg = Debug|Any CPU
		{42701C32-E2F7-4FCE-AF13-0325B4464E05}.Linux Release|Any CPU.ActiveCfg = Release|Any CPU
		{42701C32-E2F7-4FCE-AF13-0325B4464E05}.Linux Release|Any CPU.Build.0 = Release|Any CPU
		{42701C32-E2F7-4FCE-AF13-0325B4464E05}.Linux Release|Mixed Platforms.ActiveCfg = Release|Any CPU
		{42701C32-E2F7-4FCE-AF13-0325B4464E05}.Linux Release|Mixed Platforms.Build.0 = Release|Any CPU
		{42701C32-E2F7-4FCE-AF13-0325B4464E05}.Linux Release|x86.ActiveCfg = Release|Any CPU
		{42701C32-E2F7-4FCE-AF13-0325B4464E05}.Linux Trace|Any CPU.ActiveCfg = Trace|Any CPU
		{42701C32-E2F7-4FCE-AF13-0325B4464E05}.Linux Trace|Any CPU.Build.0 = Trace|Any CPU
		{42701C32-E2F7-4FCE-AF13-0325B4464E05}.Linux Trace|Mixed Platforms.ActiveCfg = Trace|Any CPU
		{42701C32-E2F7-4FCE-AF13-0325B4464E05}.Linux Trace|Mixed Platforms.Build.0 = Trace|Any CPU
		{42701C32-E2F7-4FCE-AF13-0325B4464E05}.Linux Trace|x86.ActiveCfg = Trace|Any CPU
		{42701C32-E2F7-4FCE-AF13-0325B4464E05}.MacOsX Debug|Any CPU.ActiveCfg = Debug|Any CPU
		{42701C32-E2F7-4FCE-AF13-0325B4464E05}.MacOsX Debug|Any CPU.Build.0 = Debug|Any CPU
		{42701C32-E2F7-4FCE-AF13-0325B4464E05}.MacOsX Debug|Mixed Platforms.ActiveCfg = Debug|Any CPU
		{42701C32-E2F7-4FCE-AF13-0325B4464E05}.MacOsX Debug|Mixed Platforms.Build.0 = Debug|Any CPU
		{42701C32-E2F7-4FCE-AF13-0325B4464E05}.MacOsX Debug|x86.ActiveCfg = Debug|Any CPU
		{42701C32-E2F7-4FCE-AF13-0325B4464E05}.MacOsX Release|Any CPU.ActiveCfg = Release|Any CPU
		{42701C32-E2F7-4FCE-AF13-0325B4464E05}.MacOsX Release|Any CPU.Build.0 = Release|Any CPU
		{42701C32-E2F7-4FCE-AF13-0325B4464E05}.MacOsX Release|Mixed Platforms.ActiveCfg = Release|Any CPU
		{42701C32-E2F7-4FCE-AF13-0325B4464E05}.MacOsX Release|Mixed Platforms.Build.0 = Release|Any CPU
		{42701C32-E2F7-4FCE-AF13-0325B4464E05}.MacOsX Release|x86.ActiveCfg = Release|Any CPU
		{42701C32-E2F7-4FCE-AF13-0325B4464E05}.MacOsX Trace|Any CPU.ActiveCfg = Trace|Any CPU
		{42701C32-E2F7-4FCE-AF13-0325B4464E05}.MacOsX Trace|Any CPU.Build.0 = Trace|Any CPU
		{42701C32-E2F7-4FCE-AF13-0325B4464E05}.MacOsX Trace|Mixed Platforms.ActiveCfg = Trace|Any CPU
		{42701C32-E2F7-4FCE-AF13-0325B4464E05}.MacOsX Trace|Mixed Platforms.Build.0 = Trace|Any CPU
		{42701C32-E2F7-4FCE-AF13-0325B4464E05}.MacOsX Trace|x86.ActiveCfg = Trace|Any CPU
		{42701C32-E2F7-4FCE-AF13-0325B4464E05}.Release|Any CPU.ActiveCfg = Release|Any CPU
		{42701C32-E2F7-4FCE-AF13-0325B4464E05}.Release|Any CPU.Build.0 = Release|Any CPU
		{42701C32-E2F7-4FCE-AF13-0325B4464E05}.Release|Mixed Platforms.ActiveCfg = Release|Any CPU
		{42701C32-E2F7-4FCE-AF13-0325B4464E05}.Release|Mixed Platforms.Build.0 = Release|Any CPU
		{42701C32-E2F7-4FCE-AF13-0325B4464E05}.Release|x86.ActiveCfg = Release|Any CPU
		{42701C32-E2F7-4FCE-AF13-0325B4464E05}.Trace|Any CPU.ActiveCfg = Trace|Any CPU
		{42701C32-E2F7-4FCE-AF13-0325B4464E05}.Trace|Any CPU.Build.0 = Trace|Any CPU
		{42701C32-E2F7-4FCE-AF13-0325B4464E05}.Trace|Mixed Platforms.ActiveCfg = Trace|Any CPU
		{42701C32-E2F7-4FCE-AF13-0325B4464E05}.Trace|Mixed Platforms.Build.0 = Trace|Any CPU
		{42701C32-E2F7-4FCE-AF13-0325B4464E05}.Trace|x86.ActiveCfg = Trace|Any CPU
		{42701C32-E2F7-4FCE-AF13-0325B4464E05}.Windows Debug|Any CPU.ActiveCfg = Debug|Any CPU
		{42701C32-E2F7-4FCE-AF13-0325B4464E05}.Windows Debug|Any CPU.Build.0 = Debug|Any CPU
		{42701C32-E2F7-4FCE-AF13-0325B4464E05}.Windows Debug|Mixed Platforms.ActiveCfg = Debug|Any CPU
		{42701C32-E2F7-4FCE-AF13-0325B4464E05}.Windows Debug|Mixed Platforms.Build.0 = Debug|Any CPU
		{42701C32-E2F7-4FCE-AF13-0325B4464E05}.Windows Debug|x86.ActiveCfg = Debug|Any CPU
		{42701C32-E2F7-4FCE-AF13-0325B4464E05}.Windows Release|Any CPU.ActiveCfg = Release|Any CPU
		{42701C32-E2F7-4FCE-AF13-0325B4464E05}.Windows Release|Any CPU.Build.0 = Release|Any CPU
		{42701C32-E2F7-4FCE-AF13-0325B4464E05}.Windows Release|Mixed Platforms.ActiveCfg = Release|Any CPU
		{42701C32-E2F7-4FCE-AF13-0325B4464E05}.Windows Release|Mixed Platforms.Build.0 = Release|Any CPU
		{42701C32-E2F7-4FCE-AF13-0325B4464E05}.Windows Release|x86.ActiveCfg = Release|Any CPU
		{42701C32-E2F7-4FCE-AF13-0325B4464E05}.Windows Trace|Any CPU.ActiveCfg = Trace|Any CPU
		{42701C32-E2F7-4FCE-AF13-0325B4464E05}.Windows Trace|Any CPU.Build.0 = Trace|Any CPU
		{42701C32-E2F7-4FCE-AF13-0325B4464E05}.Windows Trace|Mixed Platforms.ActiveCfg = Trace|Any CPU
		{42701C32-E2F7-4FCE-AF13-0325B4464E05}.Windows Trace|Mixed Platforms.Build.0 = Trace|Any CPU
		{42701C32-E2F7-4FCE-AF13-0325B4464E05}.Windows Trace|x86.ActiveCfg = Trace|Any CPU
		{5ED29186-FC66-485E-8C6E-137507DD6C79}.Debug|Any CPU.ActiveCfg = Debug|Any CPU
		{5ED29186-FC66-485E-8C6E-137507DD6C79}.Debug|Any CPU.Build.0 = Debug|Any CPU
		{5ED29186-FC66-485E-8C6E-137507DD6C79}.Debug|Mixed Platforms.ActiveCfg = Debug|Any CPU
		{5ED29186-FC66-485E-8C6E-137507DD6C79}.Debug|Mixed Platforms.Build.0 = Debug|Any CPU
		{5ED29186-FC66-485E-8C6E-137507DD6C79}.Debug|x86.ActiveCfg = Debug|Any CPU
		{5ED29186-FC66-485E-8C6E-137507DD6C79}.Linux Debug|Any CPU.ActiveCfg = Debug|Any CPU
		{5ED29186-FC66-485E-8C6E-137507DD6C79}.Linux Debug|Any CPU.Build.0 = Debug|Any CPU
		{5ED29186-FC66-485E-8C6E-137507DD6C79}.Linux Debug|Mixed Platforms.ActiveCfg = Debug|Any CPU
		{5ED29186-FC66-485E-8C6E-137507DD6C79}.Linux Debug|Mixed Platforms.Build.0 = Debug|Any CPU
		{5ED29186-FC66-485E-8C6E-137507DD6C79}.Linux Debug|x86.ActiveCfg = Debug|Any CPU
		{5ED29186-FC66-485E-8C6E-137507DD6C79}.Linux Release|Any CPU.ActiveCfg = Release|Any CPU
		{5ED29186-FC66-485E-8C6E-137507DD6C79}.Linux Release|Any CPU.Build.0 = Release|Any CPU
		{5ED29186-FC66-485E-8C6E-137507DD6C79}.Linux Release|Mixed Platforms.ActiveCfg = Release|Any CPU
		{5ED29186-FC66-485E-8C6E-137507DD6C79}.Linux Release|Mixed Platforms.Build.0 = Release|Any CPU
		{5ED29186-FC66-485E-8C6E-137507DD6C79}.Linux Release|x86.ActiveCfg = Release|Any CPU
		{5ED29186-FC66-485E-8C6E-137507DD6C79}.Linux Trace|Any CPU.ActiveCfg = Trace|Any CPU
		{5ED29186-FC66-485E-8C6E-137507DD6C79}.Linux Trace|Any CPU.Build.0 = Trace|Any CPU
		{5ED29186-FC66-485E-8C6E-137507DD6C79}.Linux Trace|Mixed Platforms.ActiveCfg = Trace|Any CPU
		{5ED29186-FC66-485E-8C6E-137507DD6C79}.Linux Trace|Mixed Platforms.Build.0 = Trace|Any CPU
		{5ED29186-FC66-485E-8C6E-137507DD6C79}.Linux Trace|x86.ActiveCfg = Trace|Any CPU
		{5ED29186-FC66-485E-8C6E-137507DD6C79}.MacOsX Debug|Any CPU.ActiveCfg = Debug|Any CPU
		{5ED29186-FC66-485E-8C6E-137507DD6C79}.MacOsX Debug|Any CPU.Build.0 = Debug|Any CPU
		{5ED29186-FC66-485E-8C6E-137507DD6C79}.MacOsX Debug|Mixed Platforms.ActiveCfg = Debug|Any CPU
		{5ED29186-FC66-485E-8C6E-137507DD6C79}.MacOsX Debug|Mixed Platforms.Build.0 = Debug|Any CPU
		{5ED29186-FC66-485E-8C6E-137507DD6C79}.MacOsX Debug|x86.ActiveCfg = Debug|Any CPU
		{5ED29186-FC66-485E-8C6E-137507DD6C79}.MacOsX Release|Any CPU.ActiveCfg = Release|Any CPU
		{5ED29186-FC66-485E-8C6E-137507DD6C79}.MacOsX Release|Any CPU.Build.0 = Release|Any CPU
		{5ED29186-FC66-485E-8C6E-137507DD6C79}.MacOsX Release|Mixed Platforms.ActiveCfg = Release|Any CPU
		{5ED29186-FC66-485E-8C6E-137507DD6C79}.MacOsX Release|Mixed Platforms.Build.0 = Release|Any CPU
		{5ED29186-FC66-485E-8C6E-137507DD6C79}.MacOsX Release|x86.ActiveCfg = Release|Any CPU
		{5ED29186-FC66-485E-8C6E-137507DD6C79}.MacOsX Trace|Any CPU.ActiveCfg = Trace|Any CPU
		{5ED29186-FC66-485E-8C6E-137507DD6C79}.MacOsX Trace|Any CPU.Build.0 = Trace|Any CPU
		{5ED29186-FC66-485E-8C6E-137507DD6C79}.MacOsX Trace|Mixed Platforms.ActiveCfg = Trace|Any CPU
		{5ED29186-FC66-485E-8C6E-137507DD6C79}.MacOsX Trace|Mixed Platforms.Build.0 = Trace|Any CPU
		{5ED29186-FC66-485E-8C6E-137507DD6C79}.MacOsX Trace|x86.ActiveCfg = Trace|Any CPU
		{5ED29186-FC66-485E-8C6E-137507DD6C79}.Release|Any CPU.ActiveCfg = Release|Any CPU
		{5ED29186-FC66-485E-8C6E-137507DD6C79}.Release|Any CPU.Build.0 = Release|Any CPU
		{5ED29186-FC66-485E-8C6E-137507DD6C79}.Release|Mixed Platforms.ActiveCfg = Release|Any CPU
		{5ED29186-FC66-485E-8C6E-137507DD6C79}.Release|Mixed Platforms.Build.0 = Release|Any CPU
		{5ED29186-FC66-485E-8C6E-137507DD6C79}.Release|x86.ActiveCfg = Release|Any CPU
		{5ED29186-FC66-485E-8C6E-137507DD6C79}.Trace|Any CPU.ActiveCfg = Trace|Any CPU
		{5ED29186-FC66-485E-8C6E-137507DD6C79}.Trace|Any CPU.Build.0 = Trace|Any CPU
		{5ED29186-FC66-485E-8C6E-137507DD6C79}.Trace|Mixed Platforms.ActiveCfg = Trace|Any CPU
		{5ED29186-FC66-485E-8C6E-137507DD6C79}.Trace|Mixed Platforms.Build.0 = Trace|Any CPU
		{5ED29186-FC66-485E-8C6E-137507DD6C79}.Trace|x86.ActiveCfg = Trace|Any CPU
		{5ED29186-FC66-485E-8C6E-137507DD6C79}.Windows Debug|Any CPU.ActiveCfg = Debug|Any CPU
		{5ED29186-FC66-485E-8C6E-137507DD6C79}.Windows Debug|Any CPU.Build.0 = Debug|Any CPU
		{5ED29186-FC66-485E-8C6E-137507DD6C79}.Windows Debug|Mixed Platforms.ActiveCfg = Debug|Any CPU
		{5ED29186-FC66-485E-8C6E-137507DD6C79}.Windows Debug|Mixed Platforms.Build.0 = Debug|Any CPU
		{5ED29186-FC66-485E-8C6E-137507DD6C79}.Windows Debug|x86.ActiveCfg = Debug|Any CPU
		{5ED29186-FC66-485E-8C6E-137507DD6C79}.Windows Release|Any CPU.ActiveCfg = Release|Any CPU
		{5ED29186-FC66-485E-8C6E-137507DD6C79}.Windows Release|Any CPU.Build.0 = Release|Any CPU
		{5ED29186-FC66-485E-8C6E-137507DD6C79}.Windows Release|Mixed Platforms.ActiveCfg = Release|Any CPU
		{5ED29186-FC66-485E-8C6E-137507DD6C79}.Windows Release|Mixed Platforms.Build.0 = Release|Any CPU
		{5ED29186-FC66-485E-8C6E-137507DD6C79}.Windows Release|x86.ActiveCfg = Release|Any CPU
		{5ED29186-FC66-485E-8C6E-137507DD6C79}.Windows Trace|Any CPU.ActiveCfg = Trace|Any CPU
		{5ED29186-FC66-485E-8C6E-137507DD6C79}.Windows Trace|Any CPU.Build.0 = Trace|Any CPU
		{5ED29186-FC66-485E-8C6E-137507DD6C79}.Windows Trace|Mixed Platforms.ActiveCfg = Trace|Any CPU
		{5ED29186-FC66-485E-8C6E-137507DD6C79}.Windows Trace|Mixed Platforms.Build.0 = Trace|Any CPU
		{5ED29186-FC66-485E-8C6E-137507DD6C79}.Windows Trace|x86.ActiveCfg = Trace|Any CPU
		{C41C3A7D-5934-40B1-88DC-B36F3A427422}.Debug|Any CPU.ActiveCfg = Debug|Any CPU
		{C41C3A7D-5934-40B1-88DC-B36F3A427422}.Debug|Any CPU.Build.0 = Debug|Any CPU
		{C41C3A7D-5934-40B1-88DC-B36F3A427422}.Debug|Mixed Platforms.ActiveCfg = Debug|Any CPU
		{C41C3A7D-5934-40B1-88DC-B36F3A427422}.Debug|Mixed Platforms.Build.0 = Debug|Any CPU
		{C41C3A7D-5934-40B1-88DC-B36F3A427422}.Debug|x86.ActiveCfg = Debug|Any CPU
		{C41C3A7D-5934-40B1-88DC-B36F3A427422}.Linux Debug|Any CPU.ActiveCfg = Debug|Any CPU
		{C41C3A7D-5934-40B1-88DC-B36F3A427422}.Linux Debug|Any CPU.Build.0 = Debug|Any CPU
		{C41C3A7D-5934-40B1-88DC-B36F3A427422}.Linux Debug|Mixed Platforms.ActiveCfg = Debug|Any CPU
		{C41C3A7D-5934-40B1-88DC-B36F3A427422}.Linux Debug|Mixed Platforms.Build.0 = Debug|Any CPU
		{C41C3A7D-5934-40B1-88DC-B36F3A427422}.Linux Debug|x86.ActiveCfg = Debug|Any CPU
		{C41C3A7D-5934-40B1-88DC-B36F3A427422}.Linux Release|Any CPU.ActiveCfg = Release|Any CPU
		{C41C3A7D-5934-40B1-88DC-B36F3A427422}.Linux Release|Any CPU.Build.0 = Release|Any CPU
		{C41C3A7D-5934-40B1-88DC-B36F3A427422}.Linux Release|Mixed Platforms.ActiveCfg = Release|Any CPU
		{C41C3A7D-5934-40B1-88DC-B36F3A427422}.Linux Release|Mixed Platforms.Build.0 = Release|Any CPU
		{C41C3A7D-5934-40B1-88DC-B36F3A427422}.Linux Release|x86.ActiveCfg = Release|Any CPU
		{C41C3A7D-5934-40B1-88DC-B36F3A427422}.Linux Trace|Any CPU.ActiveCfg = Trace|Any CPU
		{C41C3A7D-5934-40B1-88DC-B36F3A427422}.Linux Trace|Any CPU.Build.0 = Trace|Any CPU
		{C41C3A7D-5934-40B1-88DC-B36F3A427422}.Linux Trace|Mixed Platforms.ActiveCfg = Trace|Any CPU
		{C41C3A7D-5934-40B1-88DC-B36F3A427422}.Linux Trace|Mixed Platforms.Build.0 = Trace|Any CPU
		{C41C3A7D-5934-40B1-88DC-B36F3A427422}.Linux Trace|x86.ActiveCfg = Trace|Any CPU
		{C41C3A7D-5934-40B1-88DC-B36F3A427422}.MacOsX Debug|Any CPU.ActiveCfg = Debug|Any CPU
		{C41C3A7D-5934-40B1-88DC-B36F3A427422}.MacOsX Debug|Any CPU.Build.0 = Debug|Any CPU
		{C41C3A7D-5934-40B1-88DC-B36F3A427422}.MacOsX Debug|Mixed Platforms.ActiveCfg = Debug|Any CPU
		{C41C3A7D-5934-40B1-88DC-B36F3A427422}.MacOsX Debug|Mixed Platforms.Build.0 = Debug|Any CPU
		{C41C3A7D-5934-40B1-88DC-B36F3A427422}.MacOsX Debug|x86.ActiveCfg = Debug|Any CPU
		{C41C3A7D-5934-40B1-88DC-B36F3A427422}.MacOsX Release|Any CPU.ActiveCfg = Release|Any CPU
		{C41C3A7D-5934-40B1-88DC-B36F3A427422}.MacOsX Release|Any CPU.Build.0 = Release|Any CPU
		{C41C3A7D-5934-40B1-88DC-B36F3A427422}.MacOsX Release|Mixed Platforms.ActiveCfg = Release|Any CPU
		{C41C3A7D-5934-40B1-88DC-B36F3A427422}.MacOsX Release|Mixed Platforms.Build.0 = Release|Any CPU
		{C41C3A7D-5934-40B1-88DC-B36F3A427422}.MacOsX Release|x86.ActiveCfg = Release|Any CPU
		{C41C3A7D-5934-40B1-88DC-B36F3A427422}.MacOsX Trace|Any CPU.ActiveCfg = Trace|Any CPU
		{C41C3A7D-5934-40B1-88DC-B36F3A427422}.MacOsX Trace|Any CPU.Build.0 = Trace|Any CPU
		{C41C3A7D-5934-40B1-88DC-B36F3A427422}.MacOsX Trace|Mixed Platforms.ActiveCfg = Trace|Any CPU
		{C41C3A7D-5934-40B1-88DC-B36F3A427422}.MacOsX Trace|Mixed Platforms.Build.0 = Trace|Any CPU
		{C41C3A7D-5934-40B1-88DC-B36F3A427422}.MacOsX Trace|x86.ActiveCfg = Trace|Any CPU
		{C41C3A7D-5934-40B1-88DC-B36F3A427422}.Release|Any CPU.ActiveCfg = Release|Any CPU
		{C41C3A7D-5934-40B1-88DC-B36F3A427422}.Release|Any CPU.Build.0 = Release|Any CPU
		{C41C3A7D-5934-40B1-88DC-B36F3A427422}.Release|Mixed Platforms.ActiveCfg = Release|Any CPU
		{C41C3A7D-5934-40B1-88DC-B36F3A427422}.Release|Mixed Platforms.Build.0 = Release|Any CPU
		{C41C3A7D-5934-40B1-88DC-B36F3A427422}.Release|x86.ActiveCfg = Release|Any CPU
		{C41C3A7D-5934-40B1-88DC-B36F3A427422}.Trace|Any CPU.ActiveCfg = Trace|Any CPU
		{C41C3A7D-5934-40B1-88DC-B36F3A427422}.Trace|Any CPU.Build.0 = Trace|Any CPU
		{C41C3A7D-5934-40B1-88DC-B36F3A427422}.Trace|Mixed Platforms.ActiveCfg = Trace|Any CPU
		{C41C3A7D-5934-40B1-88DC-B36F3A427422}.Trace|Mixed Platforms.Build.0 = Trace|Any CPU
		{C41C3A7D-5934-40B1-88DC-B36F3A427422}.Trace|x86.ActiveCfg = Trace|Any CPU
		{C41C3A7D-5934-40B1-88DC-B36F3A427422}.Windows Debug|Any CPU.ActiveCfg = Debug|Any CPU
		{C41C3A7D-5934-40B1-88DC-B36F3A427422}.Windows Debug|Any CPU.Build.0 = Debug|Any CPU
		{C41C3A7D-5934-40B1-88DC-B36F3A427422}.Windows Debug|Mixed Platforms.ActiveCfg = Debug|Any CPU
		{C41C3A7D-5934-40B1-88DC-B36F3A427422}.Windows Debug|Mixed Platforms.Build.0 = Debug|Any CPU
		{C41C3A7D-5934-40B1-88DC-B36F3A427422}.Windows Debug|x86.ActiveCfg = Debug|Any CPU
		{C41C3A7D-5934-40B1-88DC-B36F3A427422}.Windows Release|Any CPU.ActiveCfg = Release|Any CPU
		{C41C3A7D-5934-40B1-88DC-B36F3A427422}.Windows Release|Any CPU.Build.0 = Release|Any CPU
		{C41C3A7D-5934-40B1-88DC-B36F3A427422}.Windows Release|Mixed Platforms.ActiveCfg = Release|Any CPU
		{C41C3A7D-5934-40B1-88DC-B36F3A427422}.Windows Release|Mixed Platforms.Build.0 = Release|Any CPU
		{C41C3A7D-5934-40B1-88DC-B36F3A427422}.Windows Release|x86.ActiveCfg = Release|Any CPU
		{C41C3A7D-5934-40B1-88DC-B36F3A427422}.Windows Trace|Any CPU.ActiveCfg = Trace|Any CPU
		{C41C3A7D-5934-40B1-88DC-B36F3A427422}.Windows Trace|Any CPU.Build.0 = Trace|Any CPU
		{C41C3A7D-5934-40B1-88DC-B36F3A427422}.Windows Trace|Mixed Platforms.ActiveCfg = Trace|Any CPU
		{C41C3A7D-5934-40B1-88DC-B36F3A427422}.Windows Trace|Mixed Platforms.Build.0 = Trace|Any CPU
		{C41C3A7D-5934-40B1-88DC-B36F3A427422}.Windows Trace|x86.ActiveCfg = Trace|Any CPU
		{97FC9042-D0FE-4DFB-AA88-35723E574CF4}.Debug|Any CPU.ActiveCfg = Debug|x86
		{97FC9042-D0FE-4DFB-AA88-35723E574CF4}.Debug|Mixed Platforms.ActiveCfg = Debug|x86
		{97FC9042-D0FE-4DFB-AA88-35723E574CF4}.Debug|Mixed Platforms.Build.0 = Debug|x86
		{97FC9042-D0FE-4DFB-AA88-35723E574CF4}.Debug|x86.ActiveCfg = Debug|x86
		{97FC9042-D0FE-4DFB-AA88-35723E574CF4}.Debug|x86.Build.0 = Debug|x86
		{97FC9042-D0FE-4DFB-AA88-35723E574CF4}.Linux Debug|Any CPU.ActiveCfg = Debug|x86
		{97FC9042-D0FE-4DFB-AA88-35723E574CF4}.Linux Debug|Mixed Platforms.ActiveCfg = Debug|x86
		{97FC9042-D0FE-4DFB-AA88-35723E574CF4}.Linux Debug|Mixed Platforms.Build.0 = Debug|x86
		{97FC9042-D0FE-4DFB-AA88-35723E574CF4}.Linux Debug|x86.ActiveCfg = Debug|x86
		{97FC9042-D0FE-4DFB-AA88-35723E574CF4}.Linux Debug|x86.Build.0 = Debug|x86
		{97FC9042-D0FE-4DFB-AA88-35723E574CF4}.Linux Release|Any CPU.ActiveCfg = Release|x86
		{97FC9042-D0FE-4DFB-AA88-35723E574CF4}.Linux Release|Mixed Platforms.ActiveCfg = Release|x86
		{97FC9042-D0FE-4DFB-AA88-35723E574CF4}.Linux Release|Mixed Platforms.Build.0 = Release|x86
		{97FC9042-D0FE-4DFB-AA88-35723E574CF4}.Linux Release|x86.ActiveCfg = Release|x86
		{97FC9042-D0FE-4DFB-AA88-35723E574CF4}.Linux Release|x86.Build.0 = Release|x86
		{97FC9042-D0FE-4DFB-AA88-35723E574CF4}.Linux Trace|Any CPU.ActiveCfg = Release|x86
		{97FC9042-D0FE-4DFB-AA88-35723E574CF4}.Linux Trace|Mixed Platforms.ActiveCfg = Release|x86
		{97FC9042-D0FE-4DFB-AA88-35723E574CF4}.Linux Trace|Mixed Platforms.Build.0 = Release|x86
		{97FC9042-D0FE-4DFB-AA88-35723E574CF4}.Linux Trace|x86.ActiveCfg = Release|x86
		{97FC9042-D0FE-4DFB-AA88-35723E574CF4}.Linux Trace|x86.Build.0 = Release|x86
		{97FC9042-D0FE-4DFB-AA88-35723E574CF4}.MacOsX Debug|Any CPU.ActiveCfg = Debug|x86
		{97FC9042-D0FE-4DFB-AA88-35723E574CF4}.MacOsX Debug|Mixed Platforms.ActiveCfg = Debug|x86
		{97FC9042-D0FE-4DFB-AA88-35723E574CF4}.MacOsX Debug|Mixed Platforms.Build.0 = Debug|x86
		{97FC9042-D0FE-4DFB-AA88-35723E574CF4}.MacOsX Debug|x86.ActiveCfg = Debug|x86
		{97FC9042-D0FE-4DFB-AA88-35723E574CF4}.MacOsX Debug|x86.Build.0 = Debug|x86
		{97FC9042-D0FE-4DFB-AA88-35723E574CF4}.MacOsX Release|Any CPU.ActiveCfg = Release|x86
		{97FC9042-D0FE-4DFB-AA88-35723E574CF4}.MacOsX Release|Mixed Platforms.ActiveCfg = Release|x86
		{97FC9042-D0FE-4DFB-AA88-35723E574CF4}.MacOsX Release|Mixed Platforms.Build.0 = Release|x86
		{97FC9042-D0FE-4DFB-AA88-35723E574CF4}.MacOsX Release|x86.ActiveCfg = Release|x86
		{97FC9042-D0FE-4DFB-AA88-35723E574CF4}.MacOsX Release|x86.Build.0 = Release|x86
		{97FC9042-D0FE-4DFB-AA88-35723E574CF4}.MacOsX Trace|Any CPU.ActiveCfg = Release|x86
		{97FC9042-D0FE-4DFB-AA88-35723E574CF4}.MacOsX Trace|Mixed Platforms.ActiveCfg = Release|x86
		{97FC9042-D0FE-4DFB-AA88-35723E574CF4}.MacOsX Trace|Mixed Platforms.Build.0 = Release|x86
		{97FC9042-D0FE-4DFB-AA88-35723E574CF4}.MacOsX Trace|x86.ActiveCfg = Release|x86
		{97FC9042-D0FE-4DFB-AA88-35723E574CF4}.MacOsX Trace|x86.Build.0 = Release|x86
		{97FC9042-D0FE-4DFB-AA88-35723E574CF4}.Release|Any CPU.ActiveCfg = Release|x86
		{97FC9042-D0FE-4DFB-AA88-35723E574CF4}.Release|Mixed Platforms.ActiveCfg = Release|x86
		{97FC9042-D0FE-4DFB-AA88-35723E574CF4}.Release|Mixed Platforms.Build.0 = Release|x86
		{97FC9042-D0FE-4DFB-AA88-35723E574CF4}.Release|x86.ActiveCfg = Release|x86
		{97FC9042-D0FE-4DFB-AA88-35723E574CF4}.Release|x86.Build.0 = Release|x86
		{97FC9042-D0FE-4DFB-AA88-35723E574CF4}.Trace|Any CPU.ActiveCfg = Release|x86
		{97FC9042-D0FE-4DFB-AA88-35723E574CF4}.Trace|Mixed Platforms.ActiveCfg = Release|x86
		{97FC9042-D0FE-4DFB-AA88-35723E574CF4}.Trace|Mixed Platforms.Build.0 = Release|x86
		{97FC9042-D0FE-4DFB-AA88-35723E574CF4}.Trace|x86.ActiveCfg = Release|x86
		{97FC9042-D0FE-4DFB-AA88-35723E574CF4}.Trace|x86.Build.0 = Release|x86
		{97FC9042-D0FE-4DFB-AA88-35723E574CF4}.Windows Debug|Any CPU.ActiveCfg = Debug|x86
		{97FC9042-D0FE-4DFB-AA88-35723E574CF4}.Windows Debug|Mixed Platforms.ActiveCfg = Debug|x86
		{97FC9042-D0FE-4DFB-AA88-35723E574CF4}.Windows Debug|Mixed Platforms.Build.0 = Debug|x86
		{97FC9042-D0FE-4DFB-AA88-35723E574CF4}.Windows Debug|x86.ActiveCfg = Debug|x86
		{97FC9042-D0FE-4DFB-AA88-35723E574CF4}.Windows Debug|x86.Build.0 = Debug|x86
		{97FC9042-D0FE-4DFB-AA88-35723E574CF4}.Windows Release|Any CPU.ActiveCfg = Release|x86
		{97FC9042-D0FE-4DFB-AA88-35723E574CF4}.Windows Release|Mixed Platforms.ActiveCfg = Release|x86
		{97FC9042-D0FE-4DFB-AA88-35723E574CF4}.Windows Release|Mixed Platforms.Build.0 = Release|x86
		{97FC9042-D0FE-4DFB-AA88-35723E574CF4}.Windows Release|x86.ActiveCfg = Release|x86
		{97FC9042-D0FE-4DFB-AA88-35723E574CF4}.Windows Release|x86.Build.0 = Release|x86
		{97FC9042-D0FE-4DFB-AA88-35723E574CF4}.Windows Trace|Any CPU.ActiveCfg = Release|x86
		{97FC9042-D0FE-4DFB-AA88-35723E574CF4}.Windows Trace|Mixed Platforms.ActiveCfg = Release|x86
		{97FC9042-D0FE-4DFB-AA88-35723E574CF4}.Windows Trace|Mixed Platforms.Build.0 = Release|x86
		{97FC9042-D0FE-4DFB-AA88-35723E574CF4}.Windows Trace|x86.ActiveCfg = Release|x86
		{97FC9042-D0FE-4DFB-AA88-35723E574CF4}.Windows Trace|x86.Build.0 = Release|x86
	EndGlobalSection
	GlobalSection(SolutionProperties) = preSolution
		HideSolutionNode = FALSE
	EndGlobalSection
	GlobalSection(MonoDevelopProperties) = preSolution
		StartupItem = ZappSpyGui\ZappSpyGui.csproj
	EndGlobalSection
EndGlobal
